<?xml version="1.0" encoding="utf-8"?>
<Project ToolsVersion="4.0" xmlns="http://schemas.microsoft.com/developer/msbuild/2003">
  <ItemGroup>
    <Filter Include="Arquivos de Origem">
      <UniqueIdentifier>{4FC737F1-C7A5-4376-A066-2A32D752A2FF}</UniqueIdentifier>
      <Extensions>cpp;c;cc;cxx;c++;cppm;ixx;def;odl;idl;hpj;bat;asm;asmx</Extensions>
    </Filter>
    <Filter Include="Arquivos de Cabeçalho">
      <UniqueIdentifier>{93995380-89BD-4b04-88EB-625FBE52EBFB}</UniqueIdentifier>
      <Extensions>h;hh;hpp;hxx;h++;hm;inl;inc;ipp;xsd</Extensions>
    </Filter>
    <Filter Include="Arquivos de Recurso">
      <UniqueIdentifier>{67DA6AB6-F800-4c08-8B7A-83BB121AAD01}</UniqueIdentifier>
      <Extensions>rc;ico;cur;bmp;dlg;rc2;rct;bin;rgs;gif;jpg;jpeg;jpe;resx;tiff;tif;png;wav;mfcribbon-ms</Extensions>
    </Filter>
    <Filter Include="Shaders">
      <UniqueIdentifier>{920e766f-6f5a-4b14-a5d0-e303736f10b5}</UniqueIdentifier>
    </Filter>
    <Filter Include="Canvas2D">
      <UniqueIdentifier>{b00f2b20-3aeb-4102-9133-1857c2cc8b58}</UniqueIdentifier>
    </Filter>
  </ItemGroup>
  <ItemGroup>
    <ClCompile Include="main.cpp">
      <Filter>Arquivos de Origem</Filter>
    </ClCompile>
    <ClCompile Include="Canvas2D\Controller.cpp">
      <Filter>Canvas2D</Filter>
    </ClCompile>
    <ClCompile Include="Canvas2D\gl_canvas2d.cpp">
      <Filter>Canvas2D</Filter>
    </ClCompile>
    <ClCompile Include="Canvas2D\glslprogram.cpp">
      <Filter>Canvas2D</Filter>
    </ClCompile>
    <ClCompile Include="Canvas2D\Sdf.cpp">
      <Filter>Canvas2D</Filter>
    </ClCompile>
  </ItemGroup>
  <ItemGroup>
    <ClInclude Include="Canvas2D\gl_canvas2d.h">
      <Filter>Arquivos de Cabeçalho</Filter>
    </ClInclude>
    <ClInclude Include="Vector2.h">
      <Filter>Arquivos de Cabeçalho</Filter>
    </ClInclude>
    <ClInclude Include="Canvas2D\glslprogram.h">
      <Filter>Arquivos de Cabeçalho</Filter>
    </ClInclude>
    <ClInclude Include="Canvas2D\Controller.h">
      <Filter>Arquivos de Cabeçalho</Filter>
    </ClInclude>
    <ClInclude Include="Canvas2D\Sdf.h">
      <Filter>Arquivos de Cabeçalho</Filter>
    </ClInclude>
  </ItemGroup>
  <ItemGroup>
    <None Include="Shaders\ui.vert">
      <Filter>Shaders</Filter>
    </None>
    <None Include="Shaders\ui.frag">
      <Filter>Shaders</Filter>
    </None>
    <None Include="Resources\arial.csv">
      <Filter>Arquivos de Recurso</Filter>
    </None>
    <None Include="Shaders\text.frag">
      <Filter>Shaders</Filter>
    </None>
    <None Include="Shaders\text.vert">
      <Filter>Shaders</Filter>
    </None>
  </ItemGroup>
  <ItemGroup>
    <Text Include="Resources\arial.txt">
      <Filter>Arquivos de Recurso</Filter>
    </Text>
  </ItemGroup>
</Project>